
Microsoft Visual Studio Solution File, Format Version 12.00
# Visual Studio Version 17
VisualStudioVersion = 17.13.35825.156 d17.13
MinimumVisualStudioVersion = 10.0.40219.1
Project("{FAE04EC0-301F-11D3-BF4B-00C04F79EFBC}") = "ExerciciosPraticos", "ExerciciosPraticos\ExerciciosPraticos.csproj", "{62CA6E80-8673-480B-ADAF-0FC140D97CC1}"
EndProject
Global
	GlobalSection(SolutionConfigurationPlatforms) = preSolution
		Debug|Any CPU = Debug|Any CPU
		Release|Any CPU = Release|Any CPU
	EndGlobalSection
	GlobalSection(ProjectConfigurationPlatforms) = postSolution
		{62CA6E80-8673-480B-ADAF-0FC140D97CC1}.Debug|Any CPU.ActiveCfg = Debug|Any CPU
		{62CA6E80-8673-480B-ADAF-0FC140D97CC1}.Debug|Any CPU.Build.0 = Debug|Any CPU
		{62CA6E80-8673-480B-ADAF-0FC140D97CC1}.Release|Any CPU.ActiveCfg = Release|Any CPU
		{62CA6E80-8673-480B-ADAF-0FC140D97CC1}.Release|Any CPU.Build.0 = Release|Any CPU
	EndGlobalSection
	GlobalSection(SolutionProperties) = preSolution
		HideSolutionNode = FALSE
	EndGlobalSection
	GlobalSection(ExtensibilityGlobals) = postSolution
		SolutionGuid = {592107E2-FB4B-4B61-AE07-0FC3FAD0DD19}
	EndGlobalSection
EndGlobal
